{
  "lockfileVersion": 1,
  "configVersion": 1,
  "workspaces": {
    "": {
      "dependencies": {
        "@opencode-ai/plugin": "1.1.41",
        "@opencode-ai/sdk": "1.1.41",
        "parquetjs-lite": "^0.8.7",
        "playwright": "^1.58.0",
      },
      "devDependencies": {
        "bun-types": "latest",
        "typescript": "^5.8.2",
      },
    },
  },
  "packages": {
    "@opencode-ai/plugin": ["@opencode-ai/plugin@1.1.41", "", { "dependencies": { "@opencode-ai/sdk": "1.1.41", "zod": "4.1.8" } }, "sha512-zpp/3gFrhIzpTFuTgdbu332INaBD8UaS2P2Uqn8QhYlzkLmpptIaGe+W+mTpZhtmsLOeo5XQmLwfcCdMTLMheA=="],

    "@opencode-ai/sdk": ["@opencode-ai/sdk@1.1.41", "", {}, "sha512-RXTyLl/2O/TM3Oag6JtGHVbK+SKb123szFm6JhvFuF1KCe4+86zjIjISYsaMKzgrd/fnkG0KEKUQxP8Y6xfrVw=="],

    "@types/node": ["@types/node@25.1.0", "", { "dependencies": { "undici-types": "~7.16.0" } }, "sha512-t7frlewr6+cbx+9Ohpl0NOTKXZNV9xHRmNOvql47BFJKcEG1CxtxlPEEe+gR9uhVWM4DwhnvTF110mIL4yP9RA=="],

    "bun-types": ["bun-types@1.3.7", "", { "dependencies": { "@types/node": "*" } }, "sha512-qyschsA03Qz+gou+apt6HNl6HnI+sJJLL4wLDke4iugsE6584CMupOtTY1n+2YC9nGVrEKUlTs99jjRLKgWnjQ=="],

    "fsevents": ["fsevents@2.3.2", "", { "os": "darwin" }, "sha512-xiqMQR4xAeHTuB9uWm+fFRcIOgKBMiOBP+eXiyT7jsgVCq1bkVygt00oASowB7EdtpOHaaPgKt812P9ab+DDKA=="],

    "int53": ["int53@0.2.4", "", {}, "sha512-a5jlKftS7HUOhkUyYD7j2sJ/ZnvWiNlZS1ldR+g1ifQ+/UuZXIE+YTc/lK1qGj/GwAU5F8Z0e1eVq2t1J5Ob2g=="],

    "node-int64": ["node-int64@0.3.3", "", {}, "sha512-bLdNOp5SYyqfDz/ssGHt2OTg8u+jEkCx4EoZIzprqeonFIUhlSBrKu40e/x6hIFYJx4ZEt64/9IZJyafvhGZrw=="],

    "parquetjs-lite": ["parquetjs-lite@0.8.7", "", { "dependencies": { "int53": "^0.2.4", "node-int64": "^0.3.3", "snappyjs": "^0.6.0", "varint": "^5.0.0" } }, "sha512-L0tdHzvy0btLJvAFZvjO0+ru+FL8tHPqiVE90KEnMy5jDqv+WmEy9Ii8SjiC+exAOi3RGyPYIdgJvFijYyEahA=="],

    "playwright": ["playwright@1.58.0", "", { "dependencies": { "playwright-core": "1.58.0" }, "optionalDependencies": { "fsevents": "2.3.2" }, "bin": { "playwright": "cli.js" } }, "sha512-2SVA0sbPktiIY/MCOPX8e86ehA/e+tDNq+e5Y8qjKYti2Z/JG7xnronT/TXTIkKbYGWlCbuucZ6dziEgkoEjQQ=="],

    "playwright-core": ["playwright-core@1.58.0", "", { "bin": { "playwright-core": "cli.js" } }, "sha512-aaoB1RWrdNi3//rOeKuMiS65UCcgOVljU46At6eFcOFPFHWtd2weHRRow6z/n+Lec0Lvu0k9ZPKJSjPugikirw=="],

    "snappyjs": ["snappyjs@0.6.1", "", {}, "sha512-YIK6I2lsH072UE0aOFxxY1dPDCS43I5ktqHpeAsuLNYWkE5pGxRGWfDM4/vSUfNzXjC1Ivzt3qx31PCLmc9yqg=="],

    "typescript": ["typescript@5.9.3", "", { "bin": { "tsc": "bin/tsc", "tsserver": "bin/tsserver" } }, "sha512-jl1vZzPDinLr9eUt3J/t7V6FgNEw9QjvBPdysz9KfQDD41fQrC2Y4vKQdiaUpFT4bXlb1RHhLpp8wtm6M5TgSw=="],

    "undici-types": ["undici-types@7.16.0", "", {}, "sha512-Zz+aZWSj8LE6zoxD+xrjh4VfkIG8Ya6LvYkZqtUQGJPZjYl53ypCaUwWqo7eI0x66KBGeRo+mlBEkMSeSZ38Nw=="],

    "varint": ["varint@5.0.2", "", {}, "sha512-lKxKYG6H03yCZUpAGOPOsMcGxd1RHCu1iKvEHYDPmTyq2HueGhD73ssNBqqQWfvYs04G9iUFRvmAVLW20Jw6ow=="],

    "zod": ["zod@4.1.8", "", {}, "sha512-5R1P+WwQqmmMIEACyzSvo4JXHY5WiAFHRMg+zBZKgKS+Q1viRa0C1hmUKtHltoIFKtIdki3pRxkmpP74jnNYHQ=="],
  }
}
